lockfileVersion: '9.0'

settings:
  autoInstallPeers: true
  excludeLinksFromLockfile: false

importers:

  .:
    dependencies:
      '-':
        specifier: ^0.0.1
        version: 0.0.1
      i:
        specifier: ^0.3.7
        version: 0.3.7
      npm:
        specifier: ^10.8.1
        version: 10.8.1

packages:

  '-@0.0.1':
    resolution: {integrity: sha512-3HfneK3DGAm05fpyj20sT3apkNcvPpCuccOThOPdzz8sY7GgQGe0l93XH9bt+YzibcTIgUAIMoyVJI740RtgyQ==}

  i@0.3.7:
    resolution: {integrity: sha512-FYz4wlXgkQwIPqhzC5TdNMLSE5+GS1IIDJZY/1ZiEPCT2S3COUVZeT5OW4BmW4r5LHLQuOosSwsvnroG9GR59Q==}
    engines: {node: '>=0.4'}

  npm@10.8.1:
    resolution: {integrity: sha512-Dp1C6SvSMYQI7YHq/y2l94uvI+59Eqbu1EpuKQHQ8p16txXRuRit5gH3Lnaagk2aXDIjg/Iru9pd05bnneKgdw==}
    engines: {node: ^18.17.0 || >=20.5.0}
    hasBin: true
    bundledDependencies:
      - '@isaacs/string-locale-compare'
      - '@npmcli/arborist'
      - '@npmcli/config'
      - '@npmcli/fs'
      - '@npmcli/map-workspaces'
      - '@npmcli/package-json'
      - '@npmcli/promise-spawn'
      - '@npmcli/redact'
      - '@npmcli/run-script'
      - '@sigstore/tuf'
      - abbrev
      - archy
      - cacache
      - chalk
      - ci-info
      - cli-columns
      - fastest-levenshtein
      - fs-minipass
      - glob
      - graceful-fs
      - hosted-git-info
      - ini
      - init-package-json
      - is-cidr
      - json-parse-even-better-errors
      - libnpmaccess
      - libnpmdiff
      - libnpmexec
      - libnpmfund
      - libnpmhook
      - libnpmorg
      - libnpmpack
      - libnpmpublish
      - libnpmsearch
      - libnpmteam
      - libnpmversion
      - make-fetch-happen
      - minimatch
      - minipass
      - minipass-pipeline
      - ms
      - node-gyp
      - nopt
      - normalize-package-data
      - npm-audit-report
      - npm-install-checks
      - npm-package-arg
      - npm-pick-manifest
      - npm-profile
      - npm-registry-fetch
      - npm-user-validate
      - p-map
      - pacote
      - parse-conflict-json
      - proc-log
      - qrcode-terminal
      - read
      - semver
      - spdx-expression-parse
      - ssri
      - supports-color
      - tar
      - text-table
      - tiny-relative-date
      - treeverse
      - validate-npm-package-name
      - which
      - write-file-atomic

snapshots:

  '-@0.0.1': {}

  i@0.3.7: {}

  npm@10.8.1: {}
